// !$*UTF8*$!
{
	archiveVersion = 1;
	classes = {
	};
	objectVersion = 56;
	objects = {

/* Begin PBXBuildFile section */
		4B18F0742980070800015ACB /* AppDelegate.swift in Sources */ = {isa = PBXBuildFile; fileRef = 4B18F0732980070800015ACB /* AppDelegate.swift */; };
		4B18F0762980070800015ACB /* SceneDelegate.swift in Sources */ = {isa = PBXBuildFile; fileRef = 4B18F0752980070800015ACB /* SceneDelegate.swift */; };
		4B18F07D2980070900015ACB /* Assets.xcassets in Resources */ = {isa = PBXBuildFile; fileRef = 4B18F07C2980070900015ACB /* Assets.xcassets */; };
		4B18F0802980070900015ACB /* LaunchScreen.storyboard in Resources */ = {isa = PBXBuildFile; fileRef = 4B18F07E2980070900015ACB /* LaunchScreen.storyboard */; };
		4B18F0892980084D00015ACB /* SnapKit in Frameworks */ = {isa = PBXBuildFile; productRef = 4B18F0882980084D00015ACB /* SnapKit */; };
		4B18F08C2980086800015ACB /* Moya in Frameworks */ = {isa = PBXBuildFile; productRef = 4B18F08B2980086800015ACB /* Moya */; };
		4B18F08E2980086800015ACB /* RxMoya in Frameworks */ = {isa = PBXBuildFile; productRef = 4B18F08D2980086800015ACB /* RxMoya */; };
		4B18F0912980087B00015ACB /* Then in Frameworks */ = {isa = PBXBuildFile; productRef = 4B18F0902980087B00015ACB /* Then */; };
		4B18F0942980088F00015ACB /* RxCocoa in Frameworks */ = {isa = PBXBuildFile; productRef = 4B18F0932980088F00015ACB /* RxCocoa */; };
		4B18F0962980088F00015ACB /* RxSwift in Frameworks */ = {isa = PBXBuildFile; productRef = 4B18F0952980088F00015ACB /* RxSwift */; };
		4B18F0A1298018A800015ACB /* SCDream2.otf in Resources */ = {isa = PBXBuildFile; fileRef = 4B18F098298018A700015ACB /* SCDream2.otf */; };
		4B18F0A2298018A800015ACB /* SCDream6.otf in Resources */ = {isa = PBXBuildFile; fileRef = 4B18F099298018A700015ACB /* SCDream6.otf */; };
		4B18F0A3298018A800015ACB /* SCDream3.otf in Resources */ = {isa = PBXBuildFile; fileRef = 4B18F09A298018A700015ACB /* SCDream3.otf */; };
		4B18F0A4298018A800015ACB /* SCDream5.otf in Resources */ = {isa = PBXBuildFile; fileRef = 4B18F09B298018A700015ACB /* SCDream5.otf */; };
		4B18F0A5298018A800015ACB /* SCDream4.otf in Resources */ = {isa = PBXBuildFile; fileRef = 4B18F09C298018A700015ACB /* SCDream4.otf */; };
		4B18F0A6298018A800015ACB /* SCDream9.otf in Resources */ = {isa = PBXBuildFile; fileRef = 4B18F09D298018A700015ACB /* SCDream9.otf */; };
		4B18F0A7298018A800015ACB /* SCDream8.otf in Resources */ = {isa = PBXBuildFile; fileRef = 4B18F09E298018A700015ACB /* SCDream8.otf */; };
		4B18F0A8298018A800015ACB /* SCDream7.otf in Resources */ = {isa = PBXBuildFile; fileRef = 4B18F09F298018A800015ACB /* SCDream7.otf */; };
		4B18F0A9298018A800015ACB /* SCDream1.otf in Resources */ = {isa = PBXBuildFile; fileRef = 4B18F0A0298018A800015ACB /* SCDream1.otf */; };
		4B18F0AB29801CCB00015ACB /* FontNames.swift in Sources */ = {isa = PBXBuildFile; fileRef = 4B18F0AA29801CCB00015ACB /* FontNames.swift */; };
		4B60C57C2981680100392568 /* MainViewController.swift in Sources */ = {isa = PBXBuildFile; fileRef = 4B60C57B2981680100392568 /* MainViewController.swift */; };
		4B60C57F2981753800392568 /* ObjectListTableViewCell.swift in Sources */ = {isa = PBXBuildFile; fileRef = 4B60C57E2981753800392568 /* ObjectListTableViewCell.swift */; };
		4B60C5822984EEB500392568 /* Realm in Frameworks */ = {isa = PBXBuildFile; productRef = 4B60C5812984EEB500392568 /* Realm */; };
		4B60C5842984EEB500392568 /* RealmSwift in Frameworks */ = {isa = PBXBuildFile; productRef = 4B60C5832984EEB500392568 /* RealmSwift */; };
		4B60C5872984F29D00392568 /* ObjectDataBace.swift in Sources */ = {isa = PBXBuildFile; fileRef = 4B60C5862984F29D00392568 /* ObjectDataBace.swift */; };
		4B60C58929850DDC00392568 /* MakeObjectViewController.swift in Sources */ = {isa = PBXBuildFile; fileRef = 4B60C58829850DDC00392568 /* MakeObjectViewController.swift */; };
		4B60C590298558B300392568 /* CustomTextfield .swift in Sources */ = {isa = PBXBuildFile; fileRef = 4B60C58F298558B300392568 /* CustomTextfield .swift */; };
		4B68D891298678B200A367B6 /* EmojiPicker in Frameworks */ = {isa = PBXBuildFile; productRef = 4B68D890298678B200A367B6 /* EmojiPicker */; };
		4B68D89329867DE700A367B6 /* CategoryButton.swift in Sources */ = {isa = PBXBuildFile; fileRef = 4B68D89229867DE700A367B6 /* CategoryButton.swift */; };
		4B68D89A2987B89200A367B6 /* ViewModelProtocol.swift in Sources */ = {isa = PBXBuildFile; fileRef = 4B68D8992987B89200A367B6 /* ViewModelProtocol.swift */; };
		4B68D89C2987B99200A367B6 /* MakeObjectViewModel.swift in Sources */ = {isa = PBXBuildFile; fileRef = 4B68D89B2987B99200A367B6 /* MakeObjectViewModel.swift */; };
		4BAAF272298BC47100F4E051 /* ObjectDetailViewController.swift in Sources */ = {isa = PBXBuildFile; fileRef = 4BAAF271298BC47100F4E051 /* ObjectDetailViewController.swift */; };
		4BAAF278298BE08600F4E051 /* UIView+roundCorners.swift in Sources */ = {isa = PBXBuildFile; fileRef = 4BAAF277298BE08600F4E051 /* UIView+roundCorners.swift */; };
/* End PBXBuildFile section */

/* Begin PBXFileReference section */
		4B18F0702980070800015ACB /* Fine.app */ = {isa = PBXFileReference; explicitFileType = wrapper.application; includeInIndex = 0; path = Fine.app; sourceTree = BUILT_PRODUCTS_DIR; };
		4B18F0732980070800015ACB /* AppDelegate.swift */ = {isa = PBXFileReference; lastKnownFileType = sourcecode.swift; path = AppDelegate.swift; sourceTree = "<group>"; };
		4B18F0752980070800015ACB /* SceneDelegate.swift */ = {isa = PBXFileReference; lastKnownFileType = sourcecode.swift; path = SceneDelegate.swift; sourceTree = "<group>"; };
		4B18F07C2980070900015ACB /* Assets.xcassets */ = {isa = PBXFileReference; lastKnownFileType = folder.assetcatalog; path = Assets.xcassets; sourceTree = "<group>"; };
		4B18F07F2980070900015ACB /* Base */ = {isa = PBXFileReference; lastKnownFileType = file.storyboard; name = Base; path = Base.lproj/LaunchScreen.storyboard; sourceTree = "<group>"; };
		4B18F0812980070900015ACB /* Info.plist */ = {isa = PBXFileReference; lastKnownFileType = text.plist.xml; path = Info.plist; sourceTree = "<group>"; };
		4B18F098298018A700015ACB /* SCDream2.otf */ = {isa = PBXFileReference; lastKnownFileType = file; path = SCDream2.otf; sourceTree = "<group>"; };
		4B18F099298018A700015ACB /* SCDream6.otf */ = {isa = PBXFileReference; lastKnownFileType = file; path = SCDream6.otf; sourceTree = "<group>"; };
		4B18F09A298018A700015ACB /* SCDream3.otf */ = {isa = PBXFileReference; lastKnownFileType = file; path = SCDream3.otf; sourceTree = "<group>"; };
		4B18F09B298018A700015ACB /* SCDream5.otf */ = {isa = PBXFileReference; lastKnownFileType = file; path = SCDream5.otf; sourceTree = "<group>"; };
		4B18F09C298018A700015ACB /* SCDream4.otf */ = {isa = PBXFileReference; lastKnownFileType = file; path = SCDream4.otf; sourceTree = "<group>"; };
		4B18F09D298018A700015ACB /* SCDream9.otf */ = {isa = PBXFileReference; lastKnownFileType = file; path = SCDream9.otf; sourceTree = "<group>"; };
		4B18F09E298018A700015ACB /* SCDream8.otf */ = {isa = PBXFileReference; lastKnownFileType = file; path = SCDream8.otf; sourceTree = "<group>"; };
		4B18F09F298018A800015ACB /* SCDream7.otf */ = {isa = PBXFileReference; lastKnownFileType = file; path = SCDream7.otf; sourceTree = "<group>"; };
		4B18F0A0298018A800015ACB /* SCDream1.otf */ = {isa = PBXFileReference; lastKnownFileType = file; path = SCDream1.otf; sourceTree = "<group>"; };
		4B18F0AA29801CCB00015ACB /* FontNames.swift */ = {isa = PBXFileReference; lastKnownFileType = sourcecode.swift; path = FontNames.swift; sourceTree = "<group>"; };
		4B60C57B2981680100392568 /* MainViewController.swift */ = {isa = PBXFileReference; lastKnownFileType = sourcecode.swift; path = MainViewController.swift; sourceTree = "<group>"; };
		4B60C57E2981753800392568 /* ObjectListTableViewCell.swift */ = {isa = PBXFileReference; lastKnownFileType = sourcecode.swift; path = ObjectListTableViewCell.swift; sourceTree = "<group>"; };
		4B60C5862984F29D00392568 /* ObjectDataBace.swift */ = {isa = PBXFileReference; lastKnownFileType = sourcecode.swift; path = ObjectDataBace.swift; sourceTree = "<group>"; };
		4B60C58829850DDC00392568 /* MakeObjectViewController.swift */ = {isa = PBXFileReference; lastKnownFileType = sourcecode.swift; path = MakeObjectViewController.swift; sourceTree = "<group>"; };
		4B60C58F298558B300392568 /* CustomTextfield .swift */ = {isa = PBXFileReference; lastKnownFileType = sourcecode.swift; path = "CustomTextfield .swift"; sourceTree = "<group>"; };
		4B68D89229867DE700A367B6 /* CategoryButton.swift */ = {isa = PBXFileReference; lastKnownFileType = sourcecode.swift; path = CategoryButton.swift; sourceTree = "<group>"; };
		4B68D8992987B89200A367B6 /* ViewModelProtocol.swift */ = {isa = PBXFileReference; lastKnownFileType = sourcecode.swift; path = ViewModelProtocol.swift; sourceTree = "<group>"; };
		4B68D89B2987B99200A367B6 /* MakeObjectViewModel.swift */ = {isa = PBXFileReference; lastKnownFileType = sourcecode.swift; path = MakeObjectViewModel.swift; sourceTree = "<group>"; };
		4BAAF271298BC47100F4E051 /* ObjectDetailViewController.swift */ = {isa = PBXFileReference; lastKnownFileType = sourcecode.swift; path = ObjectDetailViewController.swift; sourceTree = "<group>"; };
		4BAAF277298BE08600F4E051 /* UIView+roundCorners.swift */ = {isa = PBXFileReference; lastKnownFileType = sourcecode.swift; path = "UIView+roundCorners.swift"; sourceTree = "<group>"; };
/* End PBXFileReference section */

/* Begin PBXFrameworksBuildPhase section */
		4B18F06D2980070800015ACB /* Frameworks */ = {
			isa = PBXFrameworksBuildPhase;
			buildActionMask = 2147483647;
			files = (
				4B68D891298678B200A367B6 /* EmojiPicker in Frameworks */,
				4B60C5842984EEB500392568 /* RealmSwift in Frameworks */,
				4B60C5822984EEB500392568 /* Realm in Frameworks */,
				4B18F0962980088F00015ACB /* RxSwift in Frameworks */,
				4B18F08E2980086800015ACB /* RxMoya in Frameworks */,
				4B18F08C2980086800015ACB /* Moya in Frameworks */,
				4B18F0942980088F00015ACB /* RxCocoa in Frameworks */,
				4B18F0892980084D00015ACB /* SnapKit in Frameworks */,
				4B18F0912980087B00015ACB /* Then in Frameworks */,
			);
			runOnlyForDeploymentPostprocessing = 0;
		};
/* End PBXFrameworksBuildPhase section */

/* Begin PBXGroup section */
		4B18F0672980070800015ACB = {
			isa = PBXGroup;
			children = (
				4B18F0722980070800015ACB /* Fine */,
				4B18F0712980070800015ACB /* Products */,
			);
			sourceTree = "<group>";
		};
		4B18F0712980070800015ACB /* Products */ = {
			isa = PBXGroup;
			children = (
				4B18F0702980070800015ACB /* Fine.app */,
			);
			name = Products;
			sourceTree = "<group>";
		};
		4B18F0722980070800015ACB /* Fine */ = {
			isa = PBXGroup;
			children = (
				4BAAF274298BDF0500F4E051 /* Extension */,
				4B68D8962987B81300A367B6 /* Protocol */,
				4B60C591298558BC00392568 /* Componect */,
				4B60C5852984F27C00392568 /* DataBace */,
				4B60C578298167A900392568 /* Application */,
				4B18F0972980189500015ACB /* Fonts */,
				4B60C5772981674D00392568 /* Scene */,
				4B18F07C2980070900015ACB /* Assets.xcassets */,
				4B18F07E2980070900015ACB /* LaunchScreen.storyboard */,
				4B18F0812980070900015ACB /* Info.plist */,
			);
			path = Fine;
			sourceTree = "<group>";
		};
		4B18F0972980189500015ACB /* Fonts */ = {
			isa = PBXGroup;
			children = (
				4B18F0AA29801CCB00015ACB /* FontNames.swift */,
				4B18F0A0298018A800015ACB /* SCDream1.otf */,
				4B18F098298018A700015ACB /* SCDream2.otf */,
				4B18F09A298018A700015ACB /* SCDream3.otf */,
				4B18F09C298018A700015ACB /* SCDream4.otf */,
				4B18F09B298018A700015ACB /* SCDream5.otf */,
				4B18F099298018A700015ACB /* SCDream6.otf */,
				4B18F09F298018A800015ACB /* SCDream7.otf */,
				4B18F09E298018A700015ACB /* SCDream8.otf */,
				4B18F09D298018A700015ACB /* SCDream9.otf */,
			);
			path = Fonts;
			sourceTree = "<group>";
		};
		4B60C5772981674D00392568 /* Scene */ = {
			isa = PBXGroup;
			children = (
				4BAAF273298BC47600F4E051 /* ObjectDetail */,
				4B68D8942987B7B400A367B6 /* MakeObject */,
				4B60C57D2981749700392568 /* MainView */,
			);
			path = Scene;
			sourceTree = "<group>";
		};
		4B60C578298167A900392568 /* Application */ = {
			isa = PBXGroup;
			children = (
				4B18F0732980070800015ACB /* AppDelegate.swift */,
				4B18F0752980070800015ACB /* SceneDelegate.swift */,
			);
			path = Application;
			sourceTree = "<group>";
		};
		4B60C57D2981749700392568 /* MainView */ = {
			isa = PBXGroup;
			children = (
				4B60C57B2981680100392568 /* MainViewController.swift */,
				4B60C57E2981753800392568 /* ObjectListTableViewCell.swift */,
			);
			path = MainView;
			sourceTree = "<group>";
		};
		4B60C5852984F27C00392568 /* DataBace */ = {
			isa = PBXGroup;
			children = (
				4B60C5862984F29D00392568 /* ObjectDataBace.swift */,
			);
			path = DataBace;
			sourceTree = "<group>";
		};
		4B60C58A29850DE100392568 /* ViewController */ = {
			isa = PBXGroup;
			children = (
				4B60C58829850DDC00392568 /* MakeObjectViewController.swift */,
			);
			path = ViewController;
			sourceTree = "<group>";
		};
		4B60C591298558BC00392568 /* Componect */ = {
			isa = PBXGroup;
			children = (
				4B60C58F298558B300392568 /* CustomTextfield .swift */,
				4B68D89229867DE700A367B6 /* CategoryButton.swift */,
			);
			path = Componect;
			sourceTree = "<group>";
		};
		4B68D8942987B7B400A367B6 /* MakeObject */ = {
			isa = PBXGroup;
			children = (
				4B68D8952987B7FC00A367B6 /* ViewModel */,
				4B60C58A29850DE100392568 /* ViewController */,
			);
			path = MakeObject;
			sourceTree = "<group>";
		};
		4B68D8952987B7FC00A367B6 /* ViewModel */ = {
			isa = PBXGroup;
			children = (
				4B68D89B2987B99200A367B6 /* MakeObjectViewModel.swift */,
			);
			path = ViewModel;
			sourceTree = "<group>";
		};
		4B68D8962987B81300A367B6 /* Protocol */ = {
			isa = PBXGroup;
			children = (
				4B68D8992987B89200A367B6 /* ViewModelProtocol.swift */,
			);
			path = Protocol;
			sourceTree = "<group>";
		};
		4BAAF273298BC47600F4E051 /* ObjectDetail */ = {
			isa = PBXGroup;
			children = (
				4BAAF271298BC47100F4E051 /* ObjectDetailViewController.swift */,
			);
			path = ObjectDetail;
			sourceTree = "<group>";
		};
		4BAAF274298BDF0500F4E051 /* Extension */ = {
			isa = PBXGroup;
			children = (
				4BAAF277298BE08600F4E051 /* UIView+roundCorners.swift */,
			);
			path = Extension;
			sourceTree = "<group>";
		};
/* End PBXGroup section */

/* Begin PBXNativeTarget section */
		4B18F06F2980070800015ACB /* Fine */ = {
			isa = PBXNativeTarget;
			buildConfigurationList = 4B18F0842980070900015ACB /* Build configuration list for PBXNativeTarget "Fine" */;
			buildPhases = (
				4B18F06C2980070800015ACB /* Sources */,
				4B18F06D2980070800015ACB /* Frameworks */,
				4B18F06E2980070800015ACB /* Resources */,
			);
			buildRules = (
			);
			dependencies = (
			);
			name = Fine;
			packageProductDependencies = (
				4B18F0882980084D00015ACB /* SnapKit */,
				4B18F08B2980086800015ACB /* Moya */,
				4B18F08D2980086800015ACB /* RxMoya */,
				4B18F0902980087B00015ACB /* Then */,
				4B18F0932980088F00015ACB /* RxCocoa */,
				4B18F0952980088F00015ACB /* RxSwift */,
				4B60C5812984EEB500392568 /* Realm */,
				4B60C5832984EEB500392568 /* RealmSwift */,
				4B68D890298678B200A367B6 /* EmojiPicker */,
			);
			productName = Fine;
			productReference = 4B18F0702980070800015ACB /* Fine.app */;
			productType = "com.apple.product-type.application";
		};
/* End PBXNativeTarget section */

/* Begin PBXProject section */
		4B18F0682980070800015ACB /* Project object */ = {
			isa = PBXProject;
			attributes = {
				BuildIndependentTargetsInParallel = 1;
				LastSwiftUpdateCheck = 1410;
				LastUpgradeCheck = 1410;
				TargetAttributes = {
					4B18F06F2980070800015ACB = {
						CreatedOnToolsVersion = 14.1;
					};
				};
			};
			buildConfigurationList = 4B18F06B2980070800015ACB /* Build configuration list for PBXProject "Fine" */;
			compatibilityVersion = "Xcode 14.0";
			developmentRegion = en;
			hasScannedForEncodings = 0;
			knownRegions = (
				en,
				Base,
			);
			mainGroup = 4B18F0672980070800015ACB;
			packageReferences = (
				4B18F0872980084D00015ACB /* XCRemoteSwiftPackageReference "SnapKit" */,
				4B18F08A2980086800015ACB /* XCRemoteSwiftPackageReference "Moya" */,
				4B18F08F2980087B00015ACB /* XCRemoteSwiftPackageReference "Then" */,
				4B18F0922980088F00015ACB /* XCRemoteSwiftPackageReference "RxSwift" */,
				4B60C5802984EEB500392568 /* XCRemoteSwiftPackageReference "realm-swift" */,
				4B68D88F298678B200A367B6 /* XCRemoteSwiftPackageReference "EmojiPicker" */,
			);
			productRefGroup = 4B18F0712980070800015ACB /* Products */;
			projectDirPath = "";
			projectRoot = "";
			targets = (
				4B18F06F2980070800015ACB /* Fine */,
			);
		};
/* End PBXProject section */

/* Begin PBXResourcesBuildPhase section */
		4B18F06E2980070800015ACB /* Resources */ = {
			isa = PBXResourcesBuildPhase;
			buildActionMask = 2147483647;
			files = (
				4B18F0A3298018A800015ACB /* SCDream3.otf in Resources */,
				4B18F0A2298018A800015ACB /* SCDream6.otf in Resources */,
				4B18F0A9298018A800015ACB /* SCDream1.otf in Resources */,
				4B18F0A1298018A800015ACB /* SCDream2.otf in Resources */,
				4B18F0A7298018A800015ACB /* SCDream8.otf in Resources */,
				4B18F0A6298018A800015ACB /* SCDream9.otf in Resources */,
				4B18F0A8298018A800015ACB /* SCDream7.otf in Resources */,
				4B18F0A5298018A800015ACB /* SCDream4.otf in Resources */,
				4B18F0A4298018A800015ACB /* SCDream5.otf in Resources */,
				4B18F0802980070900015ACB /* LaunchScreen.storyboard in Resources */,
				4B18F07D2980070900015ACB /* Assets.xcassets in Resources */,
			);
			runOnlyForDeploymentPostprocessing = 0;
		};
/* End PBXResourcesBuildPhase section */

/* Begin PBXSourcesBuildPhase section */
		4B18F06C2980070800015ACB /* Sources */ = {
			isa = PBXSourcesBuildPhase;
			buildActionMask = 2147483647;
			files = (
				4BAAF272298BC47100F4E051 /* ObjectDetailViewController.swift in Sources */,
				4B68D89329867DE700A367B6 /* CategoryButton.swift in Sources */,
				4B18F0AB29801CCB00015ACB /* FontNames.swift in Sources */,
				4B60C57F2981753800392568 /* ObjectListTableViewCell.swift in Sources */,
				4B18F0742980070800015ACB /* AppDelegate.swift in Sources */,
				4B18F0762980070800015ACB /* SceneDelegate.swift in Sources */,
				4B60C57C2981680100392568 /* MainViewController.swift in Sources */,
				4B68D89A2987B89200A367B6 /* ViewModelProtocol.swift in Sources */,
				4B60C590298558B300392568 /* CustomTextfield .swift in Sources */,
				4B60C5872984F29D00392568 /* ObjectDataBace.swift in Sources */,
				4B68D89C2987B99200A367B6 /* MakeObjectViewModel.swift in Sources */,
				4BAAF278298BE08600F4E051 /* UIView+roundCorners.swift in Sources */,
				4B60C58929850DDC00392568 /* MakeObjectViewController.swift in Sources */,
			);
			runOnlyForDeploymentPostprocessing = 0;
		};
/* End PBXSourcesBuildPhase section */

/* Begin PBXVariantGroup section */
		4B18F07E2980070900015ACB /* LaunchScreen.storyboard */ = {
			isa = PBXVariantGroup;
			children = (
				4B18F07F2980070900015ACB /* Base */,
			);
			name = LaunchScreen.storyboard;
			sourceTree = "<group>";
		};
/* End PBXVariantGroup section */

/* Begin XCBuildConfiguration section */
		4B18F0822980070900015ACB /* Debug */ = {
			isa = XCBuildConfiguration;
			buildSettings = {
				ALWAYS_SEARCH_USER_PATHS = NO;
				CLANG_ANALYZER_NONNULL = YES;
				CLANG_ANALYZER_NUMBER_OBJECT_CONVERSION = YES_AGGRESSIVE;
				CLANG_CXX_LANGUAGE_STANDARD = "gnu++20";
				CLANG_ENABLE_MODULES = YES;
				CLANG_ENABLE_OBJC_ARC = YES;
				CLANG_ENABLE_OBJC_WEAK = YES;
				CLANG_WARN_BLOCK_CAPTURE_AUTORELEASING = YES;
				CLANG_WARN_BOOL_CONVERSION = YES;
				CLANG_WARN_COMMA = YES;
				CLANG_WARN_CONSTANT_CONVERSION = YES;
				CLANG_WARN_DEPRECATED_OBJC_IMPLEMENTATIONS = YES;
				CLANG_WARN_DIRECT_OBJC_ISA_USAGE = YES_ERROR;
				CLANG_WARN_DOCUMENTATION_COMMENTS = YES;
				CLANG_WARN_EMPTY_BODY = YES;
				CLANG_WARN_ENUM_CONVERSION = YES;
				CLANG_WARN_INFINITE_RECURSION = YES;
				CLANG_WARN_INT_CONVERSION = YES;
				CLANG_WARN_NON_LITERAL_NULL_CONVERSION = YES;
				CLANG_WARN_OBJC_IMPLICIT_RETAIN_SELF = YES;
				CLANG_WARN_OBJC_LITERAL_CONVERSION = YES;
				CLANG_WARN_OBJC_ROOT_CLASS = YES_ERROR;
				CLANG_WARN_QUOTED_INCLUDE_IN_FRAMEWORK_HEADER = YES;
				CLANG_WARN_RANGE_LOOP_ANALYSIS = YES;
				CLANG_WARN_STRICT_PROTOTYPES = YES;
				CLANG_WARN_SUSPICIOUS_MOVE = YES;
				CLANG_WARN_UNGUARDED_AVAILABILITY = YES_AGGRESSIVE;
				CLANG_WARN_UNREACHABLE_CODE = YES;
				CLANG_WARN__DUPLICATE_METHOD_MATCH = YES;
				COPY_PHASE_STRIP = NO;
				DEBUG_INFORMATION_FORMAT = dwarf;
				ENABLE_STRICT_OBJC_MSGSEND = YES;
				ENABLE_TESTABILITY = YES;
				GCC_C_LANGUAGE_STANDARD = gnu11;
				GCC_DYNAMIC_NO_PIC = NO;
				GCC_NO_COMMON_BLOCKS = YES;
				GCC_OPTIMIZATION_LEVEL = 0;
				GCC_PREPROCESSOR_DEFINITIONS = (
					"DEBUG=1",
					"$(inherited)",
				);
				GCC_WARN_64_TO_32_BIT_CONVERSION = YES;
				GCC_WARN_ABOUT_RETURN_TYPE = YES_ERROR;
				GCC_WARN_UNDECLARED_SELECTOR = YES;
				GCC_WARN_UNINITIALIZED_AUTOS = YES_AGGRESSIVE;
				GCC_WARN_UNUSED_FUNCTION = YES;
				GCC_WARN_UNUSED_VARIABLE = YES;
				IPHONEOS_DEPLOYMENT_TARGET = 16.1;
				MTL_ENABLE_DEBUG_INFO = INCLUDE_SOURCE;
				MTL_FAST_MATH = YES;
				ONLY_ACTIVE_ARCH = YES;
				SDKROOT = iphoneos;
				SWIFT_ACTIVE_COMPILATION_CONDITIONS = DEBUG;
				SWIFT_OPTIMIZATION_LEVEL = "-Onone";
			};
			name = Debug;
		};
		4B18F0832980070900015ACB /* Release */ = {
			isa = XCBuildConfiguration;
			buildSettings = {
				ALWAYS_SEARCH_USER_PATHS = NO;
				CLANG_ANALYZER_NONNULL = YES;
				CLANG_ANALYZER_NUMBER_OBJECT_CONVERSION = YES_AGGRESSIVE;
				CLANG_CXX_LANGUAGE_STANDARD = "gnu++20";
				CLANG_ENABLE_MODULES = YES;
				CLANG_ENABLE_OBJC_ARC = YES;
				CLANG_ENABLE_OBJC_WEAK = YES;
				CLANG_WARN_BLOCK_CAPTURE_AUTORELEASING = YES;
				CLANG_WARN_BOOL_CONVERSION = YES;
				CLANG_WARN_COMMA = YES;
				CLANG_WARN_CONSTANT_CONVERSION = YES;
				CLANG_WARN_DEPRECATED_OBJC_IMPLEMENTATIONS = YES;
				CLANG_WARN_DIRECT_OBJC_ISA_USAGE = YES_ERROR;
				CLANG_WARN_DOCUMENTATION_COMMENTS = YES;
				CLANG_WARN_EMPTY_BODY = YES;
				CLANG_WARN_ENUM_CONVERSION = YES;
				CLANG_WARN_INFINITE_RECURSION = YES;
				CLANG_WARN_INT_CONVERSION = YES;
				CLANG_WARN_NON_LITERAL_NULL_CONVERSION = YES;
				CLANG_WARN_OBJC_IMPLICIT_RETAIN_SELF = YES;
				CLANG_WARN_OBJC_LITERAL_CONVERSION = YES;
				CLANG_WARN_OBJC_ROOT_CLASS = YES_ERROR;
				CLANG_WARN_QUOTED_INCLUDE_IN_FRAMEWORK_HEADER = YES;
				CLANG_WARN_RANGE_LOOP_ANALYSIS = YES;
				CLANG_WARN_STRICT_PROTOTYPES = YES;
				CLANG_WARN_SUSPICIOUS_MOVE = YES;
				CLANG_WARN_UNGUARDED_AVAILABILITY = YES_AGGRESSIVE;
				CLANG_WARN_UNREACHABLE_CODE = YES;
				CLANG_WARN__DUPLICATE_METHOD_MATCH = YES;
				COPY_PHASE_STRIP = NO;
				DEBUG_INFORMATION_FORMAT = "dwarf-with-dsym";
				ENABLE_NS_ASSERTIONS = NO;
				ENABLE_STRICT_OBJC_MSGSEND = YES;
				GCC_C_LANGUAGE_STANDARD = gnu11;
				GCC_NO_COMMON_BLOCKS = YES;
				GCC_WARN_64_TO_32_BIT_CONVERSION = YES;
				GCC_WARN_ABOUT_RETURN_TYPE = YES_ERROR;
				GCC_WARN_UNDECLARED_SELECTOR = YES;
				GCC_WARN_UNINITIALIZED_AUTOS = YES_AGGRESSIVE;
				GCC_WARN_UNUSED_FUNCTION = YES;
				GCC_WARN_UNUSED_VARIABLE = YES;
				IPHONEOS_DEPLOYMENT_TARGET = 16.1;
				MTL_ENABLE_DEBUG_INFO = NO;
				MTL_FAST_MATH = YES;
				SDKROOT = iphoneos;
				SWIFT_COMPILATION_MODE = wholemodule;
				SWIFT_OPTIMIZATION_LEVEL = "-O";
				VALIDATE_PRODUCT = YES;
			};
			name = Release;
		};
		4B18F0852980070900015ACB /* Debug */ = {
			isa = XCBuildConfiguration;
			buildSettings = {
				ASSETCATALOG_COMPILER_APPICON_NAME = AppIcon;
				ASSETCATALOG_COMPILER_GLOBAL_ACCENT_COLOR_NAME = AccentColor;
				CODE_SIGN_STYLE = Automatic;
				CURRENT_PROJECT_VERSION = 1;
				DEVELOPMENT_TEAM = 629Q9H7922;
				GENERATE_INFOPLIST_FILE = YES;
				INFOPLIST_FILE = Fine/Info.plist;
				INFOPLIST_KEY_UIApplicationSupportsIndirectInputEvents = YES;
				INFOPLIST_KEY_UILaunchStoryboardName = LaunchScreen;
				INFOPLIST_KEY_UISupportedInterfaceOrientations_iPad = "UIInterfaceOrientationPortrait UIInterfaceOrientationPortraitUpsideDown UIInterfaceOrientationLandscapeLeft UIInterfaceOrientationLandscapeRight";
				INFOPLIST_KEY_UISupportedInterfaceOrientations_iPhone = "UIInterfaceOrientationPortrait UIInterfaceOrientationLandscapeLeft UIInterfaceOrientationLandscapeRight";
				INFOPLIST_KEY_UIUserInterfaceStyle = Light;
				LD_RUNPATH_SEARCH_PATHS = (
					"$(inherited)",
					"@executable_path/Frameworks",
				);
				MARKETING_VERSION = 1.0;
				PRODUCT_BUNDLE_IDENTIFIER = myproject.Fine;
				PRODUCT_NAME = "$(TARGET_NAME)";
				SWIFT_EMIT_LOC_STRINGS = YES;
				SWIFT_VERSION = 5.0;
				TARGETED_DEVICE_FAMILY = "1,2";
			};
			name = Debug;
		};
		4B18F0862980070900015ACB /* Release */ = {
			isa = XCBuildConfiguration;
			buildSettings = {
				ASSETCATALOG_COMPILER_APPICON_NAME = AppIcon;
				ASSETCATALOG_COMPILER_GLOBAL_ACCENT_COLOR_NAME = AccentColor;
				CODE_SIGN_STYLE = Automatic;
				CURRENT_PROJECT_VERSION = 1;
				DEVELOPMENT_TEAM = 629Q9H7922;
				GENERATE_INFOPLIST_FILE = YES;
				INFOPLIST_FILE = Fine/Info.plist;
				INFOPLIST_KEY_UIApplicationSupportsIndirectInputEvents = YES;
				INFOPLIST_KEY_UILaunchStoryboardName = LaunchScreen;
				INFOPLIST_KEY_UISupportedInterfaceOrientations_iPad = "UIInterfaceOrientationPortrait UIInterfaceOrientationPortraitUpsideDown UIInterfaceOrientationLandscapeLeft UIInterfaceOrientationLandscapeRight";
				INFOPLIST_KEY_UISupportedInterfaceOrientations_iPhone = "UIInterfaceOrientationPortrait UIInterfaceOrientationLandscapeLeft UIInterfaceOrientationLandscapeRight";
				INFOPLIST_KEY_UIUserInterfaceStyle = Light;
				LD_RUNPATH_SEARCH_PATHS = (
					"$(inherited)",
					"@executable_path/Frameworks",
				);
				MARKETING_VERSION = 1.0;
				PRODUCT_BUNDLE_IDENTIFIER = myproject.Fine;
				PRODUCT_NAME = "$(TARGET_NAME)";
				SWIFT_EMIT_LOC_STRINGS = YES;
				SWIFT_VERSION = 5.0;
				TARGETED_DEVICE_FAMILY = "1,2";
			};
			name = Release;
		};
/* End XCBuildConfiguration section */

/* Begin XCConfigurationList section */
		4B18F06B2980070800015ACB /* Build configuration list for PBXProject "Fine" */ = {
			isa = XCConfigurationList;
			buildConfigurations = (
				4B18F0822980070900015ACB /* Debug */,
				4B18F0832980070900015ACB /* Release */,
			);
			defaultConfigurationIsVisible = 0;
			defaultConfigurationName = Release;
		};
		4B18F0842980070900015ACB /* Build configuration list for PBXNativeTarget "Fine" */ = {
			isa = XCConfigurationList;
			buildConfigurations = (
				4B18F0852980070900015ACB /* Debug */,
				4B18F0862980070900015ACB /* Release */,
			);
			defaultConfigurationIsVisible = 0;
			defaultConfigurationName = Release;
		};
/* End XCConfigurationList section */

/* Begin XCRemoteSwiftPackageReference section */
		4B18F0872980084D00015ACB /* XCRemoteSwiftPackageReference "SnapKit" */ = {
			isa = XCRemoteSwiftPackageReference;
			repositoryURL = "https://github.com/SnapKit/SnapKit";
			requirement = {
				kind = upToNextMajorVersion;
				minimumVersion = 5.0.0;
			};
		};
		4B18F08A2980086800015ACB /* XCRemoteSwiftPackageReference "Moya" */ = {
			isa = XCRemoteSwiftPackageReference;
			repositoryURL = "https://github.com/Moya/Moya";
			requirement = {
				branch = master;
				kind = branch;
			};
		};
		4B18F08F2980087B00015ACB /* XCRemoteSwiftPackageReference "Then" */ = {
			isa = XCRemoteSwiftPackageReference;
			repositoryURL = "https://github.com/devxoul/Then";
			requirement = {
				branch = master;
				kind = branch;
			};
		};
		4B18F0922980088F00015ACB /* XCRemoteSwiftPackageReference "RxSwift" */ = {
			isa = XCRemoteSwiftPackageReference;
			repositoryURL = "https://github.com/ReactiveX/RxSwift";
			requirement = {
				branch = main;
				kind = branch;
			};
		};
		4B60C5802984EEB500392568 /* XCRemoteSwiftPackageReference "realm-swift" */ = {
			isa = XCRemoteSwiftPackageReference;
			repositoryURL = "https://github.com/realm/realm-swift.git";
			requirement = {
				branch = master;
				kind = branch;
			};
		};
		4B68D88F298678B200A367B6 /* XCRemoteSwiftPackageReference "EmojiPicker" */ = {
			isa = XCRemoteSwiftPackageReference;
			repositoryURL = "https://github.com/htmlprogrammist/EmojiPicker.git";
			requirement = {
				branch = develop;
				kind = branch;
			};
		};
/* End XCRemoteSwiftPackageReference section */

/* Begin XCSwiftPackageProductDependency section */
		4B18F0882980084D00015ACB /* SnapKit */ = {
			isa = XCSwiftPackageProductDependency;
			package = 4B18F0872980084D00015ACB /* XCRemoteSwiftPackageReference "SnapKit" */;
			productName = SnapKit;
		};
		4B18F08B2980086800015ACB /* Moya */ = {
			isa = XCSwiftPackageProductDependency;
			package = 4B18F08A2980086800015ACB /* XCRemoteSwiftPackageReference "Moya" */;
			productName = Moya;
		};
		4B18F08D2980086800015ACB /* RxMoya */ = {
			isa = XCSwiftPackageProductDependency;
			package = 4B18F08A2980086800015ACB /* XCRemoteSwiftPackageReference "Moya" */;
			productName = RxMoya;
		};
		4B18F0902980087B00015ACB /* Then */ = {
			isa = XCSwiftPackageProductDependency;
			package = 4B18F08F2980087B00015ACB /* XCRemoteSwiftPackageReference "Then" */;
			productName = Then;
		};
		4B18F0932980088F00015ACB /* RxCocoa */ = {
			isa = XCSwiftPackageProductDependency;
			package = 4B18F0922980088F00015ACB /* XCRemoteSwiftPackageReference "RxSwift" */;
			productName = RxCocoa;
		};
		4B18F0952980088F00015ACB /* RxSwift */ = {
			isa = XCSwiftPackageProductDependency;
			package = 4B18F0922980088F00015ACB /* XCRemoteSwiftPackageReference "RxSwift" */;
			productName = RxSwift;
		};
		4B60C5812984EEB500392568 /* Realm */ = {
			isa = XCSwiftPackageProductDependency;
			package = 4B60C5802984EEB500392568 /* XCRemoteSwiftPackageReference "realm-swift" */;
			productName = Realm;
		};
		4B60C5832984EEB500392568 /* RealmSwift */ = {
			isa = XCSwiftPackageProductDependency;
			package = 4B60C5802984EEB500392568 /* XCRemoteSwiftPackageReference "realm-swift" */;
			productName = RealmSwift;
		};
		4B68D890298678B200A367B6 /* EmojiPicker */ = {
			isa = XCSwiftPackageProductDependency;
			package = 4B68D88F298678B200A367B6 /* XCRemoteSwiftPackageReference "EmojiPicker" */;
			productName = EmojiPicker;
		};
/* End XCSwiftPackageProductDependency section */
	};
	rootObject = 4B18F0682980070800015ACB /* Project object */;
}
